
Microsoft Visual Studio Solution File, Format Version 12.00
# Visual Studio Version 16
VisualStudioVersion = 16.0.30517.126
MinimumVisualStudioVersion = 10.0.40219.1
Project("{FAE04EC0-301F-11D3-BF4B-00C04F79EFBC}") = "NukeExplorerChangeLanguage", "NukeExplorerChangeLanguage\NukeExplorerChangeLanguage.csproj", "{DE5A1624-0B7A-4E81-B1B2-10594210AA16}"
EndProject
Global
	GlobalSection(SolutionConfigurationPlatforms) = preSolution
		Debug|Any CPU = Debug|Any CPU
		Release|Any CPU = Release|Any CPU
	EndGlobalSection
	GlobalSection(ProjectConfigurationPlatforms) = postSolution
		{DE5A1624-0B7A-4E81-B1B2-10594210AA16}.Debug|Any CPU.ActiveCfg = Debug|Any CPU
		{DE5A1624-0B7A-4E81-B1B2-10594210AA16}.Debug|Any CPU.Build.0 = Debug|Any CPU
		{DE5A1624-0B7A-4E81-B1B2-10594210AA16}.Release|Any CPU.ActiveCfg = Release|Any CPU
		{DE5A1624-0B7A-4E81-B1B2-10594210AA16}.Release|Any CPU.Build.0 = Release|Any CPU
	EndGlobalSection
	GlobalSection(SolutionProperties) = preSolution
		HideSolutionNode = FALSE
	EndGlobalSection
	GlobalSection(ExtensibilityGlobals) = postSolution
		SolutionGuid = {DD7A103E-BD54-44EB-AB35-0C1109E68806}
	EndGlobalSection
EndGlobal
